
Microsoft Visual Studio Solution File, Format Version 12.00
# Visual Studio Version 16
VisualStudioVersion = 16.0.29020.237
MinimumVisualStudioVersion = 10.0.40219.1
Project("{FAE04EC0-301F-11D3-BF4B-00C04F79EFBC}") = "ExEmployee", "ExEmployee\ExEmployee.csproj", "{682A252F-6F86-42C4-AE0E-22580516519C}"
EndProject
Global
	GlobalSection(SolutionConfigurationPlatforms) = preSolution
		Debug|Any CPU = Debug|Any CPU
		Release|Any CPU = Release|Any CPU
	EndGlobalSection
	GlobalSection(ProjectConfigurationPlatforms) = postSolution
		{682A252F-6F86-42C4-AE0E-22580516519C}.Debug|Any CPU.ActiveCfg = Debug|Any CPU
		{682A252F-6F86-42C4-AE0E-22580516519C}.Debug|Any CPU.Build.0 = Debug|Any CPU
		{682A252F-6F86-42C4-AE0E-22580516519C}.Release|Any CPU.ActiveCfg = Release|Any CPU
		{682A252F-6F86-42C4-AE0E-22580516519C}.Release|Any CPU.Build.0 = Release|Any CPU
	EndGlobalSection
	GlobalSection(SolutionProperties) = preSolution
		HideSolutionNode = FALSE
	EndGlobalSection
	GlobalSection(ExtensibilityGlobals) = postSolution
		SolutionGuid = {F262516D-3140-46C3-BD14-537174D446C5}
	EndGlobalSection
EndGlobal
